PODS:
  - LocationPickerViewController (3.4)
  - ReachabilitySwift (4.3.0)
  - RxAtomic (4.4.0)
  - RxCocoa (4.4.0):
    - RxSwift (~> 4.0)
  - RxSwift (4.4.0):
    - RxAtomic (~> 4.4)

DEPENDENCIES:
  - LocationPickerViewController
  - ReachabilitySwift
  - RxCocoa (~> 4)
  - RxSwift (~> 4)

SPEC REPOS:
  https://github.com/cocoapods/specs.git:
    - LocationPickerViewController
    - ReachabilitySwift
    - RxAtomic
    - RxCocoa
    - RxSwift

SPEC CHECKSUMS:
  LocationPickerViewController: 4f33d63587bca682267a09779de2b2e09cf5b8e2
  ReachabilitySwift: 408477d1b6ed9779dba301953171e017c31241f3
  RxAtomic: eacf60db868c96bfd63320e28619fe29c179656f
  RxCocoa: df63ebf7b9a70d6b4eeea407ed5dd4efc8979749
  RxSwift: 5976ecd04fc2fefd648827c23de5e11157faa973

PODFILE CHECKSUM: 9176bac99201fe4a5f105996cbad5b7c806eb6d8

COCOAPODS: 1.6.0.beta.1
